
Microsoft Visual Studio Solution File, Format Version 12.00
# Visual Studio Version 17
VisualStudioVersion = 17.8.34330.188
MinimumVisualStudioVersion = 10.0.40219.1
Project("{2150E333-8FDC-42A3-9474-1A3956D46DE8}") = "Services", "Services", "{315862D1-FB9A-4E5E-9FA3-F5B88EB65284}"
EndProject
Project("{2150E333-8FDC-42A3-9474-1A3956D46DE8}") = "Shared", "Shared", "{C6694F89-614D-40AD-B126-74D6EC909919}"
EndProject
Project("{2150E333-8FDC-42A3-9474-1A3956D46DE8}") = "Frontends", "Frontends", "{088224CB-4291-414E-856A-D2F271A5B8B4}"
EndProject
Project("{2150E333-8FDC-42A3-9474-1A3956D46DE8}") = "Gateways", "Gateways", "{31425DF6-ED29-420A-B605-746AFE4BB600}"
EndProject
Project("{2150E333-8FDC-42A3-9474-1A3956D46DE8}") = "IdentityServer", "IdentityServer", "{21F841D7-E2FF-4C78-8523-CEEE08516412}"
EndProject
Project("{2150E333-8FDC-42A3-9474-1A3956D46DE8}") = "ToDoList", "ToDoList", "{7BCAC1CC-5F84-4F21-93FE-6E68948AB84D}"
EndProject
Project("{2150E333-8FDC-42A3-9474-1A3956D46DE8}") = "Basket", "Basket", "{38893F01-E38D-4AAA-A3FE-51235B8AF310}"
EndProject
Project("{2150E333-8FDC-42A3-9474-1A3956D46DE8}") = "Cargo", "Cargo", "{6A4F433E-7D84-44A6-A686-F3FA88C93F8C}"
EndProject
Project("{2150E333-8FDC-42A3-9474-1A3956D46DE8}") = "Discount", "Discount", "{29ADD477-4920-4E6C-8954-2A22CF06C683}"
EndProject
Project("{2150E333-8FDC-42A3-9474-1A3956D46DE8}") = "Order", "Order", "{BC70DCBD-5F2F-4B64-B4E2-3E390236DA69}"
EndProject
Project("{2150E333-8FDC-42A3-9474-1A3956D46DE8}") = "Photostock", "Photostock", "{08D45E06-D32F-4C00-8F6D-8A6E4DD7FE5C}"
EndProject
Project("{2150E333-8FDC-42A3-9474-1A3956D46DE8}") = "Payment", "Payment", "{D06EEBD0-8953-4B08-96E4-FC0964A20CCD}"
EndProject
Project("{2150E333-8FDC-42A3-9474-1A3956D46DE8}") = "Catalog", "Catalog", "{A6705BF5-40C2-4209-956E-0CAF5B3D9237}"
EndProject
Project("{2150E333-8FDC-42A3-9474-1A3956D46DE8}") = "Comment", "Comment", "{EABCAA02-2E59-4BF3-9119-878A13924187}"
EndProject
Project("{FAE04EC0-301F-11D3-BF4B-00C04F79EFBC}") = "MyAkademi_ECommerce.Services.Catalog", "Services\Catalog\MyAkademi_ECommerce.Services.Catalog\MyAkademi_ECommerce.Services.Catalog.csproj", "{F6FFC3AA-BCC9-4A28-A3CE-49BB87E983DF}"
EndProject
Global
	GlobalSection(SolutionConfigurationPlatforms) = preSolution
		Debug|Any CPU = Debug|Any CPU
		Release|Any CPU = Release|Any CPU
	EndGlobalSection
	GlobalSection(ProjectConfigurationPlatforms) = postSolution
		{F6FFC3AA-BCC9-4A28-A3CE-49BB87E983DF}.Debug|Any CPU.ActiveCfg = Debug|Any CPU
		{F6FFC3AA-BCC9-4A28-A3CE-49BB87E983DF}.Debug|Any CPU.Build.0 = Debug|Any CPU
		{F6FFC3AA-BCC9-4A28-A3CE-49BB87E983DF}.Release|Any CPU.ActiveCfg = Release|Any CPU
		{F6FFC3AA-BCC9-4A28-A3CE-49BB87E983DF}.Release|Any CPU.Build.0 = Release|Any CPU
	EndGlobalSection
	GlobalSection(SolutionProperties) = preSolution
		HideSolutionNode = FALSE
	EndGlobalSection
	GlobalSection(NestedProjects) = preSolution
		{38893F01-E38D-4AAA-A3FE-51235B8AF310} = {315862D1-FB9A-4E5E-9FA3-F5B88EB65284}
		{6A4F433E-7D84-44A6-A686-F3FA88C93F8C} = {315862D1-FB9A-4E5E-9FA3-F5B88EB65284}
		{29ADD477-4920-4E6C-8954-2A22CF06C683} = {315862D1-FB9A-4E5E-9FA3-F5B88EB65284}
		{BC70DCBD-5F2F-4B64-B4E2-3E390236DA69} = {315862D1-FB9A-4E5E-9FA3-F5B88EB65284}
		{08D45E06-D32F-4C00-8F6D-8A6E4DD7FE5C} = {315862D1-FB9A-4E5E-9FA3-F5B88EB65284}
		{D06EEBD0-8953-4B08-96E4-FC0964A20CCD} = {315862D1-FB9A-4E5E-9FA3-F5B88EB65284}
		{A6705BF5-40C2-4209-956E-0CAF5B3D9237} = {315862D1-FB9A-4E5E-9FA3-F5B88EB65284}
		{EABCAA02-2E59-4BF3-9119-878A13924187} = {315862D1-FB9A-4E5E-9FA3-F5B88EB65284}
		{F6FFC3AA-BCC9-4A28-A3CE-49BB87E983DF} = {A6705BF5-40C2-4209-956E-0CAF5B3D9237}
	EndGlobalSection
	GlobalSection(ExtensibilityGlobals) = postSolution
		SolutionGuid = {4406A4E4-1AA6-4C82-B451-7B7175ED9476}
	EndGlobalSection
EndGlobal
